// !$*UTF8*$!
{
	archiveVersion = 1;
	classes = {
	};
	objectVersion = 46;
	objects = {

/* Begin PBXBuildFile section */
		93D5366B1BFE444B00553362 /* main.m in Sources */ = {isa = PBXBuildFile; fileRef = 93D5366A1BFE444B00553362 /* main.m */; };
		93D5366E1BFE444B00553362 /* AppDelegate.m in Sources */ = {isa = PBXBuildFile; fileRef = 93D5366D1BFE444B00553362 /* AppDelegate.m */; };
		93D536711BFE444B00553362 /* ViewController.m in Sources */ = {isa = PBXBuildFile; fileRef = 93D536701BFE444B00553362 /* ViewController.m */; };
		93D536741BFE444B00553362 /* Main.storyboard in Resources */ = {isa = PBXBuildFile; fileRef = 93D536721BFE444B00553362 /* Main.storyboard */; };
		93D536761BFE444B00553362 /* Assets.xcassets in Resources */ = {isa = PBXBuildFile; fileRef = 93D536751BFE444B00553362 /* Assets.xcassets */; };
		93D536791BFE444B00553362 /* LaunchScreen.storyboard in Resources */ = {isa = PBXBuildFile; fileRef = 93D536771BFE444B00553362 /* LaunchScreen.storyboard */; };
		93D536841BFE444B00553362 /* jaslfsjdlfjTests.m in Sources */ = {isa = PBXBuildFile; fileRef = 93D536831BFE444B00553362 /* jaslfsjdlfjTests.m */; };
		93D5368F1BFE444C00553362 /* jaslfsjdlfjUITests.m in Sources */ = {isa = PBXBuildFile; fileRef = 93D5368E1BFE444C00553362 /* jaslfsjdlfjUITests.m */; };
/* End PBXBuildFile section */

/* Begin PBXContainerItemProxy section */
		93D536801BFE444B00553362 /* PBXContainerItemProxy */ = {
			isa = PBXContainerItemProxy;
			containerPortal = 93D5365E1BFE444B00553362 /* Project object */;
			proxyType = 1;
			remoteGlobalIDString = 93D536651BFE444B00553362;
			remoteInfo = jaslfsjdlfj;
		};
		93D5368B1BFE444B00553362 /* PBXContainerItemProxy */ = {
			isa = PBXContainerItemProxy;
			containerPortal = 93D5365E1BFE444B00553362 /* Project object */;
			proxyType = 1;
			remoteGlobalIDString = 93D536651BFE444B00553362;
			remoteInfo = jaslfsjdlfj;
		};
/* End PBXContainerItemProxy section */

/* Begin PBXFileReference section */
		93D536661BFE444B00553362 /* jaslfsjdlfj.app */ = {isa = PBXFileReference; explicitFileType = wrapper.application; includeInIndex = 0; path = jaslfsjdlfj.app; sourceTree = BUILT_PRODUCTS_DIR; };
		93D5366A1BFE444B00553362 /* main.m */ = {isa = PBXFileReference; lastKnownFileType = sourcecode.c.objc; path = main.m; sourceTree = "<group>"; };
		93D5366C1BFE444B00553362 /* AppDelegate.h */ = {isa = PBXFileReference; lastKnownFileType = sourcecode.c.h; path = AppDelegate.h; sourceTree = "<group>"; };
		93D5366D1BFE444B00553362 /* AppDelegate.m */ = {isa = PBXFileReference; lastKnownFileType = sourcecode.c.objc; path = AppDelegate.m; sourceTree = "<group>"; };
		93D5366F1BFE444B00553362 /* ViewController.h */ = {isa = PBXFileReference; lastKnownFileType = sourcecode.c.h; path = ViewController.h; sourceTree = "<group>"; };
		93D536701BFE444B00553362 /* ViewController.m */ = {isa = PBXFileReference; lastKnownFileType = sourcecode.c.objc; path = ViewController.m; sourceTree = "<group>"; };
		93D536731BFE444B00553362 /* Base */ = {isa = PBXFileReference; lastKnownFileType = file.storyboard; name = Base; path = Base.lproj/Main.storyboard; sourceTree = "<group>"; };
		93D536751BFE444B00553362 /* Assets.xcassets */ = {isa = PBXFileReference; lastKnownFileType = folder.assetcatalog; path = Assets.xcassets; sourceTree = "<group>"; };
		93D536781BFE444B00553362 /* Base */ = {isa = PBXFileReference; lastKnownFileType = file.storyboard; name = Base; path = Base.lproj/LaunchScreen.storyboard; sourceTree = "<group>"; };
		93D5367A1BFE444B00553362 /* Info.plist */ = {isa = PBXFileReference; lastKnownFileType = text.plist.xml; path = Info.plist; sourceTree = "<group>"; };
		93D5367F1BFE444B00553362 /* jaslfsjdlfjTests.xctest */ = {isa = PBXFileReference; explicitFileType = wrapper.cfbundle; includeInIndex = 0; path = jaslfsjdlfjTests.xctest; sourceTree = BUILT_PRODUCTS_DIR; };
		93D536831BFE444B00553362 /* jaslfsjdlfjTests.m */ = {isa = PBXFileReference; lastKnownFileType = sourcecode.c.objc; path = jaslfsjdlfjTests.m; sourceTree = "<group>"; };
		93D536851BFE444B00553362 /* Info.plist */ = {isa = PBXFileReference; lastKnownFileType = text.plist.xml; path = Info.plist; sourceTree = "<group>"; };
		93D5368A1BFE444B00553362 /* jaslfsjdlfjUITests.xctest */ = {isa = PBXFileReference; explicitFileType = wrapper.cfbundle; includeInIndex = 0; path = jaslfsjdlfjUITests.xctest; sourceTree = BUILT_PRODUCTS_DIR; };
		93D5368E1BFE444C00553362 /* jaslfsjdlfjUITests.m */ = {isa = PBXFileReference; lastKnownFileType = sourcecode.c.objc; path = jaslfsjdlfjUITests.m; sourceTree = "<group>"; };
		93D536901BFE444C00553362 /* Info.plist */ = {isa = PBXFileReference; lastKnownFileType = text.plist.xml; path = Info.plist; sourceTree = "<group>"; };
/* End PBXFileReference section */

/* Begin PBXFrameworksBuildPhase section */
		93D536631BFE444B00553362 /* Frameworks */ = {
			isa = PBXFrameworksBuildPhase;
			buildActionMask = 2147483647;
			files = (
			);
			runOnlyForDeploymentPostprocessing = 0;
		};
		93D5367C1BFE444B00553362 /* Frameworks */ = {
			isa = PBXFrameworksBuildPhase;
			buildActionMask = 2147483647;
			files = (
			);
			runOnlyForDeploymentPostprocessing = 0;
		};
		93D536871BFE444B00553362 /* Frameworks */ = {
			isa = PBXFrameworksBuildPhase;
			buildActionMask = 2147483647;
			files = (
			);
			runOnlyForDeploymentPostprocessing = 0;
		};
/* End PBXFrameworksBuildPhase section */

/* Begin PBXGroup section */
		93D5365D1BFE444B00553362 = {
			isa = PBXGroup;
			children = (
				93D536681BFE444B00553362 /* jaslfsjdlfj */,
				93D536821BFE444B00553362 /* jaslfsjdlfjTests */,
				93D5368D1BFE444C00553362 /* jaslfsjdlfjUITests */,
				93D536671BFE444B00553362 /* Products */,
			);
			sourceTree = "<group>";
		};
		93D536671BFE444B00553362 /* Products */ = {
			isa = PBXGroup;
			children = (
				93D536661BFE444B00553362 /* jaslfsjdlfj.app */,
				93D5367F1BFE444B00553362 /* jaslfsjdlfjTests.xctest */,
				93D5368A1BFE444B00553362 /* jaslfsjdlfjUITests.xctest */,
			);
			name = Products;
			sourceTree = "<group>";
		};
		93D536681BFE444B00553362 /* jaslfsjdlfj */ = {
			isa = PBXGroup;
			children = (
				93D5366C1BFE444B00553362 /* AppDelegate.h */,
				93D5366D1BFE444B00553362 /* AppDelegate.m */,
				93D5366F1BFE444B00553362 /* ViewController.h */,
				93D536701BFE444B00553362 /* ViewController.m */,
				93D536721BFE444B00553362 /* Main.storyboard */,
				93D536751BFE444B00553362 /* Assets.xcassets */,
				93D536771BFE444B00553362 /* LaunchScreen.storyboard */,
				93D5367A1BFE444B00553362 /* Info.plist */,
				93D536691BFE444B00553362 /* Supporting Files */,
			);
			path = jaslfsjdlfj;
			sourceTree = "<group>";
		};
		93D536691BFE444B00553362 /* Supporting Files */ = {
			isa = PBXGroup;
			children = (
				93D5366A1BFE444B00553362 /* main.m */,
			);
			name = "Supporting Files";
			sourceTree = "<group>";
		};
		93D536821BFE444B00553362 /* jaslfsjdlfjTests */ = {
			isa = PBXGroup;
			children = (
				93D536831BFE444B00553362 /* jaslfsjdlfjTests.m */,
				93D536851BFE444B00553362 /* Info.plist */,
			);
			path = jaslfsjdlfjTests;
			sourceTree = "<group>";
		};
		93D5368D1BFE444C00553362 /* jaslfsjdlfjUITests */ = {
			isa = PBXGroup;
			children = (
				93D5368E1BFE444C00553362 /* jaslfsjdlfjUITests.m */,
				93D536901BFE444C00553362 /* Info.plist */,
			);
			path = jaslfsjdlfjUITests;
			sourceTree = "<group>";
		};
/* End PBXGroup section */

/* Begin PBXNativeTarget section */
		93D536651BFE444B00553362 /* jaslfsjdlfj */ = {
			isa = PBXNativeTarget;
			buildConfigurationList = 93D536931BFE444C00553362 /* Build configuration list for PBXNativeTarget "jaslfsjdlfj" */;
			buildPhases = (
				93D536621BFE444B00553362 /* Sources */,
				93D536631BFE444B00553362 /* Frameworks */,
				93D536641BFE444B00553362 /* Resources */,
			);
			buildRules = (
			);
			dependencies = (
			);
			name = jaslfsjdlfj;
			productName = jaslfsjdlfj;
			productReference = 93D536661BFE444B00553362 /* jaslfsjdlfj.app */;
			productType = "com.apple.product-type.application";
		};
		93D5367E1BFE444B00553362 /* jaslfsjdlfjTests */ = {
			isa = PBXNativeTarget;
			buildConfigurationList = 93D536961BFE444C00553362 /* Build configuration list for PBXNativeTarget "jaslfsjdlfjTests" */;
			buildPhases = (
				93D5367B1BFE444B00553362 /* Sources */,
				93D5367C1BFE444B00553362 /* Frameworks */,
				93D5367D1BFE444B00553362 /* Resources */,
			);
			buildRules = (
			);
			dependencies = (
				93D536811BFE444B00553362 /* PBXTargetDependency */,
			);
			name = jaslfsjdlfjTests;
			productName = jaslfsjdlfjTests;
			productReference = 93D5367F1BFE444B00553362 /* jaslfsjdlfjTests.xctest */;
			productType = "com.apple.product-type.bundle.unit-test";
		};
		93D536891BFE444B00553362 /* jaslfsjdlfjUITests */ = {
			isa = PBXNativeTarget;
			buildConfigurationList = 93D536991BFE444C00553362 /* Build configuration list for PBXNativeTarget "jaslfsjdlfjUITests" */;
			buildPhases = (
				93D536861BFE444B00553362 /* Sources */,
				93D536871BFE444B00553362 /* Frameworks */,
				93D536881BFE444B00553362 /* Resources */,
			);
			buildRules = (
			);
			dependencies = (
				93D5368C1BFE444B00553362 /* PBXTargetDependency */,
			);
			name = jaslfsjdlfjUITests;
			productName = jaslfsjdlfjUITests;
			productReference = 93D5368A1BFE444B00553362 /* jaslfsjdlfjUITests.xctest */;
			productType = "com.apple.product-type.bundle.ui-testing";
		};
/* End PBXNativeTarget section */

/* Begin PBXProject section */
		93D5365E1BFE444B00553362 /* Project object */ = {
			isa = PBXProject;
			attributes = {
				LastUpgradeCheck = 0700;
				ORGANIZATIONNAME = "chris ly";
				TargetAttributes = {
					93D536651BFE444B00553362 = {
						CreatedOnToolsVersion = 7.0.1;
					};
					93D5367E1BFE444B00553362 = {
						CreatedOnToolsVersion = 7.0.1;
						TestTargetID = 93D536651BFE444B00553362;
					};
					93D536891BFE444B00553362 = {
						CreatedOnToolsVersion = 7.0.1;
						TestTargetID = 93D536651BFE444B00553362;
					};
				};
			};
			buildConfigurationList = 93D536611BFE444B00553362 /* Build configuration list for PBXProject "jaslfsjdlfj" */;
			compatibilityVersion = "Xcode 3.2";
			developmentRegion = English;
			hasScannedForEncodings = 0;
			knownRegions = (
				en,
				Base,
			);
			mainGroup = 93D5365D1BFE444B00553362;
			productRefGroup = 93D536671BFE444B00553362 /* Products */;
			projectDirPath = "";
			projectRoot = "";
			targets = (
				93D536651BFE444B00553362 /* jaslfsjdlfj */,
				93D5367E1BFE444B00553362 /* jaslfsjdlfjTests */,
				93D536891BFE444B00553362 /* jaslfsjdlfjUITests */,
			);
		};
/* End PBXProject section */

/* Begin PBXResourcesBuildPhase section */
		93D536641BFE444B00553362 /* Resources */ = {
			isa = PBXResourcesBuildPhase;
			buildActionMask = 2147483647;
			files = (
				93D536791BFE444B00553362 /* LaunchScreen.storyboard in Resources */,
				93D536761BFE444B00553362 /* Assets.xcassets in Resources */,
				93D536741BFE444B00553362 /* Main.storyboard in Resources */,
			);
			runOnlyForDeploymentPostprocessing = 0;
		};
		93D5367D1BFE444B00553362 /* Resources */ = {
			isa = PBXResourcesBuildPhase;
			buildActionMask = 2147483647;
			files = (
			);
			runOnlyForDeploymentPostprocessing = 0;
		};
		93D536881BFE444B00553362 /* Resources */ = {
			isa = PBXResourcesBuildPhase;
			buildActionMask = 2147483647;
			files = (
			);
			runOnlyForDeploymentPostprocessing = 0;
		};
/* End PBXResourcesBuildPhase section */

/* Begin PBXSourcesBuildPhase section */
		93D536621BFE444B00553362 /* Sources */ = {
			isa = PBXSourcesBuildPhase;
			buildActionMask = 2147483647;
			files = (
				93D536711BFE444B00553362 /* ViewController.m in Sources */,
				93D5366E1BFE444B00553362 /* AppDelegate.m in Sources */,
				93D5366B1BFE444B00553362 /* main.m in Sources */,
			);
			runOnlyForDeploymentPostprocessing = 0;
		};
		93D5367B1BFE444B00553362 /* Sources */ = {
			isa = PBXSourcesBuildPhase;
			buildActionMask = 2147483647;
			files = (
				93D536841BFE444B00553362 /* jaslfsjdlfjTests.m in Sources */,
			);
			runOnlyForDeploymentPostprocessing = 0;
		};
		93D536861BFE444B00553362 /* Sources */ = {
			isa = PBXSourcesBuildPhase;
			buildActionMask = 2147483647;
			files = (
				93D5368F1BFE444C00553362 /* jaslfsjdlfjUITests.m in Sources */,
			);
			runOnlyForDeploymentPostprocessing = 0;
		};
/* End PBXSourcesBuildPhase section */

/* Begin PBXTargetDependency section */
		93D536811BFE444B00553362 /* PBXTargetDependency */ = {
			isa = PBXTargetDependency;
			target = 93D536651BFE444B00553362 /* jaslfsjdlfj */;
			targetProxy = 93D536801BFE444B00553362 /* PBXContainerItemProxy */;
		};
		93D5368C1BFE444B00553362 /* PBXTargetDependency */ = {
			isa = PBXTargetDependency;
			target = 93D536651BFE444B00553362 /* jaslfsjdlfj */;
			targetProxy = 93D5368B1BFE444B00553362 /* PBXContainerItemProxy */;
		};
/* End PBXTargetDependency section */

/* Begin PBXVariantGroup section */
		93D536721BFE444B00553362 /* Main.storyboard */ = {
			isa = PBXVariantGroup;
			children = (
				93D536731BFE444B00553362 /* Base */,
			);
			name = Main.storyboard;
			sourceTree = "<group>";
		};
		93D536771BFE444B00553362 /* LaunchScreen.storyboard */ = {
			isa = PBXVariantGroup;
			children = (
				93D536781BFE444B00553362 /* Base */,
			);
			name = LaunchScreen.storyboard;
			sourceTree = "<group>";
		};
/* End PBXVariantGroup section */

/* Begin XCBuildConfiguration section */
		93D536911BFE444C00553362 /* Debug */ = {
			isa = XCBuildConfiguration;
			buildSettings = {
				ALWAYS_SEARCH_USER_PATHS = NO;
				CLANG_CXX_LANGUAGE_STANDARD = "gnu++0x";
				CLANG_CXX_LIBRARY = "libc++";
				CLANG_ENABLE_MODULES = YES;
				CLANG_ENABLE_OBJC_ARC = YES;
				CLANG_WARN_BOOL_CONVERSION = YES;
				CLANG_WARN_CONSTANT_CONVERSION = YES;
				CLANG_WARN_DIRECT_OBJC_ISA_USAGE = YES_ERROR;
				CLANG_WARN_EMPTY_BODY = YES;
				CLANG_WARN_ENUM_CONVERSION = YES;
				CLANG_WARN_INT_CONVERSION = YES;
				CLANG_WARN_OBJC_ROOT_CLASS = YES_ERROR;
				CLANG_WARN_UNREACHABLE_CODE = YES;
				CLANG_WARN__DUPLICATE_METHOD_MATCH = YES;
				"CODE_SIGN_IDENTITY[sdk=iphoneos*]" = "iPhone Developer";
				COPY_PHASE_STRIP = NO;
				DEBUG_INFORMATION_FORMAT = dwarf;
				ENABLE_STRICT_OBJC_MSGSEND = YES;
				ENABLE_TESTABILITY = YES;
				GCC_C_LANGUAGE_STANDARD = gnu99;
				GCC_DYNAMIC_NO_PIC = NO;
				GCC_NO_COMMON_BLOCKS = YES;
				GCC_OPTIMIZATION_LEVEL = 0;
				GCC_PREPROCESSOR_DEFINITIONS = (
					"DEBUG=1",
					"$(inherited)",
				);
				GCC_WARN_64_TO_32_BIT_CONVERSION = YES;
				GCC_WARN_ABOUT_RETURN_TYPE = YES_ERROR;
				GCC_WARN_UNDECLARED_SELECTOR = YES;
				GCC_WARN_UNINITIALIZED_AUTOS = YES_AGGRESSIVE;
				GCC_WARN_UNUSED_FUNCTION = YES;
				GCC_WARN_UNUSED_VARIABLE = YES;
				IPHONEOS_DEPLOYMENT_TARGET = 9.0;
				MTL_ENABLE_DEBUG_INFO = YES;
				ONLY_ACTIVE_ARCH = YES;
				SDKROOT = iphoneos;
				TARGETED_DEVICE_FAMILY = "1,2";
			};
			name = Debug;
		};
		93D536921BFE444C00553362 /* Release */ = {
			isa = XCBuildConfiguration;
			buildSettings = {
				ALWAYS_SEARCH_USER_PATHS = NO;
				CLANG_CXX_LANGUAGE_STANDARD = "gnu++0x";
				CLANG_CXX_LIBRARY = "libc++";
				CLANG_ENABLE_MODULES = YES;
				CLANG_ENABLE_OBJC_ARC = YES;
				CLANG_WARN_BOOL_CONVERSION = YES;
				CLANG_WARN_CONSTANT_CONVERSION = YES;
				CLANG_WARN_DIRECT_OBJC_ISA_USAGE = YES_ERROR;
				CLANG_WARN_EMPTY_BODY = YES;
				CLANG_WARN_ENUM_CONVERSION = YES;
				CLANG_WARN_INT_CONVERSION = YES;
				CLANG_WARN_OBJC_ROOT_CLASS = YES_ERROR;
				CLANG_WARN_UNREACHABLE_CODE = YES;
				CLANG_WARN__DUPLICATE_METHOD_MATCH = YES;
				"CODE_SIGN_IDENTITY[sdk=iphoneos*]" = "iPhone Developer";
				COPY_PHASE_STRIP = NO;
				DEBUG_INFORMATION_FORMAT = "dwarf-with-dsym";
				ENABLE_NS_ASSERTIONS = NO;
				ENABLE_STRICT_OBJC_MSGSEND = YES;
				GCC_C_LANGUAGE_STANDARD = gnu99;
				GCC_NO_COMMON_BLOCKS = YES;
				GCC_WARN_64_TO_32_BIT_CONVERSION = YES;
				GCC_WARN_ABOUT_RETURN_TYPE = YES_ERROR;
				GCC_WARN_UNDECLARED_SELECTOR = YES;
				GCC_WARN_UNINITIALIZED_AUTOS = YES_AGGRESSIVE;
				GCC_WARN_UNUSED_FUNCTION = YES;
				GCC_WARN_UNUSED_VARIABLE = YES;
				IPHONEOS_DEPLOYMENT_TARGET = 9.0;
				MTL_ENABLE_DEBUG_INFO = NO;
				SDKROOT = iphoneos;
				TARGETED_DEVICE_FAMILY = "1,2";
				VALIDATE_PRODUCT = YES;
			};
			name = Release;
		};
		93D536941BFE444C00553362 /* Debug */ = {
			isa = XCBuildConfiguration;
			buildSettings = {
				ASSETCATALOG_COMPILER_APPICON_NAME = AppIcon;
				INFOPLIST_FILE = jaslfsjdlfj/Info.plist;
				LD_RUNPATH_SEARCH_PATHS = "$(inherited) @executable_path/Frameworks";
				PRODUCT_BUNDLE_IDENTIFIER = Tester.jaslfsjdlfj;
				PRODUCT_NAME = "$(TARGET_NAME)";
			};
			name = Debug;
		};
		93D536951BFE444C00553362 /* Release */ = {
			isa = XCBuildConfiguration;
			buildSettings = {
				ASSETCATALOG_COMPILER_APPICON_NAME = AppIcon;
				INFOPLIST_FILE = jaslfsjdlfj/Info.plist;
				LD_RUNPATH_SEARCH_PATHS = "$(inherited) @executable_path/Frameworks";
				PRODUCT_BUNDLE_IDENTIFIER = Tester.jaslfsjdlfj;
				PRODUCT_NAME = "$(TARGET_NAME)";
			};
			name = Release;
		};
		93D536971BFE444C00553362 /* Debug */ = {
			isa = XCBuildConfiguration;
			buildSettings = {
				BUNDLE_LOADER = "$(TEST_HOST)";
				INFOPLIST_FILE = jaslfsjdlfjTests/Info.plist;
				LD_RUNPATH_SEARCH_PATHS = "$(inherited) @executable_path/Frameworks @loader_path/Frameworks";
				PRODUCT_BUNDLE_IDENTIFIER = Tester.jaslfsjdlfjTests;
				PRODUCT_NAME = "$(TARGET_NAME)";
				TEST_HOST = "$(BUILT_PRODUCTS_DIR)/jaslfsjdlfj.app/jaslfsjdlfj";
			};
			name = Debug;
		};
		93D536981BFE444C00553362 /* Release */ = {
			isa = XCBuildConfiguration;
			buildSettings = {
				BUNDLE_LOADER = "$(TEST_HOST)";
				INFOPLIST_FILE = jaslfsjdlfjTests/Info.plist;
				LD_RUNPATH_SEARCH_PATHS = "$(inherited) @executable_path/Frameworks @loader_path/Frameworks";
				PRODUCT_BUNDLE_IDENTIFIER = Tester.jaslfsjdlfjTests;
				PRODUCT_NAME = "$(TARGET_NAME)";
				TEST_HOST = "$(BUILT_PRODUCTS_DIR)/jaslfsjdlfj.app/jaslfsjdlfj";
			};
			name = Release;
		};
		93D5369A1BFE444C00553362 /* Debug */ = {
			isa = XCBuildConfiguration;
			buildSettings = {
				INFOPLIST_FILE = jaslfsjdlfjUITests/Info.plist;
				LD_RUNPATH_SEARCH_PATHS = "$(inherited) @executable_path/Frameworks @loader_path/Frameworks";
				PRODUCT_BUNDLE_IDENTIFIER = Tester.jaslfsjdlfjUITests;
				PRODUCT_NAME = "$(TARGET_NAME)";
				TEST_TARGET_NAME = jaslfsjdlfj;
				USES_XCTRUNNER = YES;
			};
			name = Debug;
		};
		93D5369B1BFE444C00553362 /* Release */ = {
			isa = XCBuildConfiguration;
			buildSettings = {
				INFOPLIST_FILE = jaslfsjdlfjUITests/Info.plist;
				LD_RUNPATH_SEARCH_PATHS = "$(inherited) @executable_path/Frameworks @loader_path/Frameworks";
				PRODUCT_BUNDLE_IDENTIFIER = Tester.jaslfsjdlfjUITests;
				PRODUCT_NAME = "$(TARGET_NAME)";
				TEST_TARGET_NAME = jaslfsjdlfj;
				USES_XCTRUNNER = YES;
			};
			name = Release;
		};
/* End XCBuildConfiguration section */

/* Begin XCConfigurationList section */
		93D536611BFE444B00553362 /* Build configuration list for PBXProject "jaslfsjdlfj" */ = {
			isa = XCConfigurationList;
			buildConfigurations = (
				93D536911BFE444C00553362 /* Debug */,
				93D536921BFE444C00553362 /* Release */,
			);
			defaultConfigurationIsVisible = 0;
			defaultConfigurationName = Release;
		};
		93D536931BFE444C00553362 /* Build configuration list for PBXNativeTarget "jaslfsjdlfj" */ = {
			isa = XCConfigurationList;
			buildConfigurations = (
				93D536941BFE444C00553362 /* Debug */,
				93D536951BFE444C00553362 /* Release */,
			);
			defaultConfigurationIsVisible = 0;
		};
		93D536961BFE444C00553362 /* Build configuration list for PBXNativeTarget "jaslfsjdlfjTests" */ = {
			isa = XCConfigurationList;
			buildConfigurations = (
				93D536971BFE444C00553362 /* Debug */,
				93D536981BFE444C00553362 /* Release */,
			);
			defaultConfigurationIsVisible = 0;
		};
		93D536991BFE444C00553362 /* Build configuration list for PBXNativeTarget "jaslfsjdlfjUITests" */ = {
			isa = XCConfigurationList;
			buildConfigurations = (
				93D5369A1BFE444C00553362 /* Debug */,
				93D5369B1BFE444C00553362 /* Release */,
			);
			defaultConfigurationIsVisible = 0;
		};
/* End XCConfigurationList section */
	};
	rootObject = 93D5365E1BFE444B00553362 /* Project object */;
}
